
Microsoft Visual Studio Solution File, Format Version 12.00
# Visual Studio 14
VisualStudioVersion = 14.0.23107.0
MinimumVisualStudioVersion = 10.0.40219.1
Project("{FAE04EC0-301F-11D3-BF4B-00C04F79EFBC}") = "com.inosat.redisparser", "com.inosat.redisparser\com.inosat.redisparser.csproj", "{1D0B7C1B-0C15-425D-8575-2ADF3AED0A8F}"
EndProject
Project("{FAE04EC0-301F-11D3-BF4B-00C04F79EFBC}") = "TestRedisParser", "TestRedisParser\TestRedisParser.csproj", "{C8E2D21B-AFEC-4F52-B632-084712467D2B}"
EndProject
Global
	GlobalSection(SolutionConfigurationPlatforms) = preSolution
		Debug|Any CPU = Debug|Any CPU
		Release|Any CPU = Release|Any CPU
	EndGlobalSection
	GlobalSection(ProjectConfigurationPlatforms) = postSolution
		{1D0B7C1B-0C15-425D-8575-2ADF3AED0A8F}.Debug|Any CPU.ActiveCfg = Debug|Any CPU
		{1D0B7C1B-0C15-425D-8575-2ADF3AED0A8F}.Debug|Any CPU.Build.0 = Debug|Any CPU
		{1D0B7C1B-0C15-425D-8575-2ADF3AED0A8F}.Release|Any CPU.ActiveCfg = Release|Any CPU
		{1D0B7C1B-0C15-425D-8575-2ADF3AED0A8F}.Release|Any CPU.Build.0 = Release|Any CPU
		{C8E2D21B-AFEC-4F52-B632-084712467D2B}.Debug|Any CPU.ActiveCfg = Debug|Any CPU
		{C8E2D21B-AFEC-4F52-B632-084712467D2B}.Debug|Any CPU.Build.0 = Debug|Any CPU
		{C8E2D21B-AFEC-4F52-B632-084712467D2B}.Release|Any CPU.ActiveCfg = Release|Any CPU
		{C8E2D21B-AFEC-4F52-B632-084712467D2B}.Release|Any CPU.Build.0 = Release|Any CPU
	EndGlobalSection
	GlobalSection(SolutionProperties) = preSolution
		HideSolutionNode = FALSE
	EndGlobalSection
EndGlobal
